
Microsoft Visual Studio Solution File, Format Version 12.00
# Visual Studio Version 17
VisualStudioVersion = 17.5.33627.172
MinimumVisualStudioVersion = 10.0.40219.1
Project("{9A19103F-16F7-4668-BE54-9A1E7A4F7556}") = "Twitch EventSub Library", "Twitch EventSub library\Twitch EventSub Library.csproj", "{24435912-740E-428F-9A2C-BAEFBD8E8743}"
EndProject
Global
	GlobalSection(SolutionConfigurationPlatforms) = preSolution
		Debug|Any CPU = Debug|Any CPU
		Release|Any CPU = Release|Any CPU
	EndGlobalSection
	GlobalSection(ProjectConfigurationPlatforms) = postSolution
		{24435912-740E-428F-9A2C-BAEFBD8E8743}.Debug|Any CPU.ActiveCfg = Debug|Any CPU
		{24435912-740E-428F-9A2C-BAEFBD8E8743}.Debug|Any CPU.Build.0 = Debug|Any CPU
		{24435912-740E-428F-9A2C-BAEFBD8E8743}.Release|Any CPU.ActiveCfg = Release|Any CPU
		{24435912-740E-428F-9A2C-BAEFBD8E8743}.Release|Any CPU.Build.0 = Release|Any CPU
	EndGlobalSection
	GlobalSection(SolutionProperties) = preSolution
		HideSolutionNode = FALSE
	EndGlobalSection
	GlobalSection(ExtensibilityGlobals) = postSolution
		SolutionGuid = {739FC3D2-9946-4423-8B2D-B7E20D08C321}
	EndGlobalSection
EndGlobal
